
Microsoft Visual Studio Solution File, Format Version 12.00
# Visual Studio Version 17
VisualStudioVersion = 17.10.35004.147
MinimumVisualStudioVersion = 10.0.40219.1
Project("{2150E333-8FDC-42A3-9474-1A3956D46DE8}") = "Solution Items", "Solution Items", "{46C45F5C-A4FC-44CA-9A4A-916FDD85D127}"
	ProjectSection(SolutionItems) = preProject
		README.md = README.md
	EndProjectSection
EndProject
Project("{9A19103F-16F7-4668-BE54-9A1E7A4F7556}") = "AutoUpdater.Main", "AutoUpdater.Main\AutoUpdater.Main.csproj", "{67CE2E9F-2EC3-4599-B9B3-1F78697638EF}"
EndProject
Project("{9A19103F-16F7-4668-BE54-9A1E7A4F7556}") = "AutoUpdater", "AutoUpdater\AutoUpdater.csproj", "{E03FBA53-ED5D-48FA-95FA-7CBB10E12119}"
EndProject
Project("{9A19103F-16F7-4668-BE54-9A1E7A4F7556}") = "AutoUpdater.PostBuild", "AutoUpdater.PostBuild\AutoUpdater.PostBuild.csproj", "{A43B329E-1CB4-43D2-B8E6-53A4DB1B7DFA}"
EndProject
Project("{FAE04EC0-301F-11D3-BF4B-00C04F79EFBC}") = "AutoUpdater.Test", "AutoUpdater.Test\AutoUpdater.Test.csproj", "{8A5031AC-8BCE-409F-9A12-3ABD0A70EDB4}"
EndProject
Global
	GlobalSection(SolutionConfigurationPlatforms) = preSolution
		Debug|Any CPU = Debug|Any CPU
		Release|Any CPU = Release|Any CPU
	EndGlobalSection
	GlobalSection(ProjectConfigurationPlatforms) = postSolution
		{67CE2E9F-2EC3-4599-B9B3-1F78697638EF}.Debug|Any CPU.ActiveCfg = Debug|Any CPU
		{67CE2E9F-2EC3-4599-B9B3-1F78697638EF}.Debug|Any CPU.Build.0 = Debug|Any CPU
		{67CE2E9F-2EC3-4599-B9B3-1F78697638EF}.Release|Any CPU.ActiveCfg = Release|Any CPU
		{67CE2E9F-2EC3-4599-B9B3-1F78697638EF}.Release|Any CPU.Build.0 = Release|Any CPU
		{E03FBA53-ED5D-48FA-95FA-7CBB10E12119}.Debug|Any CPU.ActiveCfg = Debug|Any CPU
		{E03FBA53-ED5D-48FA-95FA-7CBB10E12119}.Debug|Any CPU.Build.0 = Debug|Any CPU
		{E03FBA53-ED5D-48FA-95FA-7CBB10E12119}.Release|Any CPU.ActiveCfg = Release|Any CPU
		{E03FBA53-ED5D-48FA-95FA-7CBB10E12119}.Release|Any CPU.Build.0 = Release|Any CPU
		{A43B329E-1CB4-43D2-B8E6-53A4DB1B7DFA}.Debug|Any CPU.ActiveCfg = Debug|Any CPU
		{A43B329E-1CB4-43D2-B8E6-53A4DB1B7DFA}.Debug|Any CPU.Build.0 = Debug|Any CPU
		{A43B329E-1CB4-43D2-B8E6-53A4DB1B7DFA}.Release|Any CPU.ActiveCfg = Release|Any CPU
		{A43B329E-1CB4-43D2-B8E6-53A4DB1B7DFA}.Release|Any CPU.Build.0 = Release|Any CPU
		{8A5031AC-8BCE-409F-9A12-3ABD0A70EDB4}.Debug|Any CPU.ActiveCfg = Debug|Any CPU
		{8A5031AC-8BCE-409F-9A12-3ABD0A70EDB4}.Debug|Any CPU.Build.0 = Debug|Any CPU
		{8A5031AC-8BCE-409F-9A12-3ABD0A70EDB4}.Release|Any CPU.ActiveCfg = Release|Any CPU
		{8A5031AC-8BCE-409F-9A12-3ABD0A70EDB4}.Release|Any CPU.Build.0 = Release|Any CPU
	EndGlobalSection
	GlobalSection(SolutionProperties) = preSolution
		HideSolutionNode = FALSE
	EndGlobalSection
	GlobalSection(ExtensibilityGlobals) = postSolution
		SolutionGuid = {9EB18F8E-E3DE-4D3F-A2DA-730986CB08AA}
	EndGlobalSection
EndGlobal
